
Microsoft Visual Studio Solution File, Format Version 12.00
# Visual Studio Version 17
VisualStudioVersion = 17.2.32526.322
MinimumVisualStudioVersion = 10.0.40219.1
Project("{9A19103F-16F7-4668-BE54-9A1E7A4F7556}") = "WireTap", "WireTap\WireTap.csproj", "{B5067468-F656-450A-B29C-1C84CFE8DDE5}"
EndProject
Project("{9A19103F-16F7-4668-BE54-9A1E7A4F7556}") = "ParentalSight.WindowsService", "WireTap.HostedService\ParentalSight.WindowsService.csproj", "{4C75422B-5142-4B1F-A33E-E8C9BD2825BB}"
EndProject
Project("{9A19103F-16F7-4668-BE54-9A1E7A4F7556}") = "ParentalSight.Common", "WireTap.Common\ParentalSight.Common.csproj", "{EB852A15-ED76-4BEA-BFCA-6737B3EB9E3E}"
EndProject
Project("{9A19103F-16F7-4668-BE54-9A1E7A4F7556}") = "ParentalSight.Logging", "WireTap.Logging\ParentalSight.Logging.csproj", "{2A6B6985-A9BE-4BF0-9DD0-36EC2660D157}"
EndProject
Project("{FAE04EC0-301F-11D3-BF4B-00C04F79EFBC}") = "ParentalSight.Webcam", "ParentalSight.Webcam\ParentalSight.Webcam.csproj", "{93FC03EB-710D-4238-AF0F-F250C227CFBD}"
EndProject
Project("{FAE04EC0-301F-11D3-BF4B-00C04F79EFBC}") = "ParentalSight.Screenshot", "ParentalSight.Screenshot\ParentalSight.Screenshot.csproj", "{45D307A0-50C3-4773-8B28-6A276DEB152E}"
EndProject
Project("{FAE04EC0-301F-11D3-BF4B-00C04F79EFBC}") = "ParentalSight.Abstractions", "ParentalSight.Abstractions\ParentalSight.Abstractions.csproj", "{06E8E683-3D6A-41E0-9A8D-80A42BF1A55E}"
EndProject
Project("{FAE04EC0-301F-11D3-BF4B-00C04F79EFBC}") = "ParentalSight.Keyboard", "ParentalSight.Keyboard\ParentalSight.Keyboard.csproj", "{87C0BCDF-276C-4FBA-9D20-391B56FA6F36}"
EndProject
Global
	GlobalSection(SolutionConfigurationPlatforms) = preSolution
		Debug|Any CPU = Debug|Any CPU
		Release|Any CPU = Release|Any CPU
	EndGlobalSection
	GlobalSection(ProjectConfigurationPlatforms) = postSolution
		{B5067468-F656-450A-B29C-1C84CFE8DDE5}.Debug|Any CPU.ActiveCfg = Debug|Any CPU
		{B5067468-F656-450A-B29C-1C84CFE8DDE5}.Debug|Any CPU.Build.0 = Debug|Any CPU
		{B5067468-F656-450A-B29C-1C84CFE8DDE5}.Release|Any CPU.ActiveCfg = Release|Any CPU
		{B5067468-F656-450A-B29C-1C84CFE8DDE5}.Release|Any CPU.Build.0 = Release|Any CPU
		{4C75422B-5142-4B1F-A33E-E8C9BD2825BB}.Debug|Any CPU.ActiveCfg = Debug|Any CPU
		{4C75422B-5142-4B1F-A33E-E8C9BD2825BB}.Debug|Any CPU.Build.0 = Debug|Any CPU
		{4C75422B-5142-4B1F-A33E-E8C9BD2825BB}.Release|Any CPU.ActiveCfg = Release|Any CPU
		{4C75422B-5142-4B1F-A33E-E8C9BD2825BB}.Release|Any CPU.Build.0 = Release|Any CPU
		{EB852A15-ED76-4BEA-BFCA-6737B3EB9E3E}.Debug|Any CPU.ActiveCfg = Debug|Any CPU
		{EB852A15-ED76-4BEA-BFCA-6737B3EB9E3E}.Debug|Any CPU.Build.0 = Debug|Any CPU
		{EB852A15-ED76-4BEA-BFCA-6737B3EB9E3E}.Release|Any CPU.ActiveCfg = Release|Any CPU
		{EB852A15-ED76-4BEA-BFCA-6737B3EB9E3E}.Release|Any CPU.Build.0 = Release|Any CPU
		{2A6B6985-A9BE-4BF0-9DD0-36EC2660D157}.Debug|Any CPU.ActiveCfg = Debug|Any CPU
		{2A6B6985-A9BE-4BF0-9DD0-36EC2660D157}.Debug|Any CPU.Build.0 = Debug|Any CPU
		{2A6B6985-A9BE-4BF0-9DD0-36EC2660D157}.Release|Any CPU.ActiveCfg = Release|Any CPU
		{2A6B6985-A9BE-4BF0-9DD0-36EC2660D157}.Release|Any CPU.Build.0 = Release|Any CPU
		{93FC03EB-710D-4238-AF0F-F250C227CFBD}.Debug|Any CPU.ActiveCfg = Debug|Any CPU
		{93FC03EB-710D-4238-AF0F-F250C227CFBD}.Debug|Any CPU.Build.0 = Debug|Any CPU
		{93FC03EB-710D-4238-AF0F-F250C227CFBD}.Release|Any CPU.ActiveCfg = Release|Any CPU
		{93FC03EB-710D-4238-AF0F-F250C227CFBD}.Release|Any CPU.Build.0 = Release|Any CPU
		{45D307A0-50C3-4773-8B28-6A276DEB152E}.Debug|Any CPU.ActiveCfg = Debug|Any CPU
		{45D307A0-50C3-4773-8B28-6A276DEB152E}.Debug|Any CPU.Build.0 = Debug|Any CPU
		{45D307A0-50C3-4773-8B28-6A276DEB152E}.Release|Any CPU.ActiveCfg = Release|Any CPU
		{45D307A0-50C3-4773-8B28-6A276DEB152E}.Release|Any CPU.Build.0 = Release|Any CPU
		{06E8E683-3D6A-41E0-9A8D-80A42BF1A55E}.Debug|Any CPU.ActiveCfg = Debug|Any CPU
		{06E8E683-3D6A-41E0-9A8D-80A42BF1A55E}.Debug|Any CPU.Build.0 = Debug|Any CPU
		{06E8E683-3D6A-41E0-9A8D-80A42BF1A55E}.Release|Any CPU.ActiveCfg = Release|Any CPU
		{06E8E683-3D6A-41E0-9A8D-80A42BF1A55E}.Release|Any CPU.Build.0 = Release|Any CPU
		{87C0BCDF-276C-4FBA-9D20-391B56FA6F36}.Debug|Any CPU.ActiveCfg = Debug|Any CPU
		{87C0BCDF-276C-4FBA-9D20-391B56FA6F36}.Debug|Any CPU.Build.0 = Debug|Any CPU
		{87C0BCDF-276C-4FBA-9D20-391B56FA6F36}.Release|Any CPU.ActiveCfg = Release|Any CPU
		{87C0BCDF-276C-4FBA-9D20-391B56FA6F36}.Release|Any CPU.Build.0 = Release|Any CPU
	EndGlobalSection
	GlobalSection(SolutionProperties) = preSolution
		HideSolutionNode = FALSE
	EndGlobalSection
	GlobalSection(ExtensibilityGlobals) = postSolution
		SolutionGuid = {4FD12B9A-3228-4D35-95EB-BA3C5504B8FC}
	EndGlobalSection
EndGlobal
